
Microsoft Visual Studio Solution File, Format Version 12.00
# Visual Studio Version 17
VisualStudioVersion = 17.10.34916.146
MinimumVisualStudioVersion = 10.0.40219.1
Project("{FAE04EC0-301F-11D3-BF4B-00C04F79EFBC}") = "Gilmianova_Autoservice", "Gilmianova_Autoservice.csproj", "{65839118-37D6-4B0C-97FA-5A34A4B99BF7}"
EndProject
Global
	GlobalSection(SolutionConfigurationPlatforms) = preSolution
		Debug|Any CPU = Debug|Any CPU
		Release|Any CPU = Release|Any CPU
	EndGlobalSection
	GlobalSection(ProjectConfigurationPlatforms) = postSolution
		{65839118-37D6-4B0C-97FA-5A34A4B99BF7}.Debug|Any CPU.ActiveCfg = Debug|Any CPU
		{65839118-37D6-4B0C-97FA-5A34A4B99BF7}.Debug|Any CPU.Build.0 = Debug|Any CPU
		{65839118-37D6-4B0C-97FA-5A34A4B99BF7}.Release|Any CPU.ActiveCfg = Release|Any CPU
		{65839118-37D6-4B0C-97FA-5A34A4B99BF7}.Release|Any CPU.Build.0 = Release|Any CPU
	EndGlobalSection
	GlobalSection(SolutionProperties) = preSolution
		HideSolutionNode = FALSE
	EndGlobalSection
	GlobalSection(ExtensibilityGlobals) = postSolution
		SolutionGuid = {0F1E45D0-1845-4170-8FFC-C42A2CEF4063}
	EndGlobalSection
EndGlobal
